// !$*UTF8*$!
{
	archiveVersion = 1;
	classes = {
	};
	objectVersion = 50;
	objects = {

/* Begin PBXBuildFile section */
		10055566C943B9E0B4D41A8F /* Pods_Smack.framework in Frameworks */ = {isa = PBXBuildFile; fileRef = 4E5ED7E253099A8C182C1C59 /* Pods_Smack.framework */; };
		D62F6BDC22FB914000DBC4AD /* ChatVC.swift in Sources */ = {isa = PBXBuildFile; fileRef = D62F6BDB22FB914000DBC4AD /* ChatVC.swift */; };
		D62F6BDE22FB917E00DBC4AD /* ChannelVC.swift in Sources */ = {isa = PBXBuildFile; fileRef = D62F6BDD22FB917E00DBC4AD /* ChannelVC.swift */; };
		D632679322E6A18A00E5F23E /* AppDelegate.swift in Sources */ = {isa = PBXBuildFile; fileRef = D632679222E6A18A00E5F23E /* AppDelegate.swift */; };
		D632679822E6A18A00E5F23E /* Main.storyboard in Resources */ = {isa = PBXBuildFile; fileRef = D632679622E6A18A00E5F23E /* Main.storyboard */; };
		D632679A22E6A18C00E5F23E /* Assets.xcassets in Resources */ = {isa = PBXBuildFile; fileRef = D632679922E6A18C00E5F23E /* Assets.xcassets */; };
		D632679D22E6A18C00E5F23E /* LaunchScreen.storyboard in Resources */ = {isa = PBXBuildFile; fileRef = D632679B22E6A18C00E5F23E /* LaunchScreen.storyboard */; };
		D672C81C22EBFDC200BCA9E6 /* SWRevealViewController.m in Sources */ = {isa = PBXBuildFile; fileRef = D672C81A22EBFDC100BCA9E6 /* SWRevealViewController.m */; };
/* End PBXBuildFile section */

/* Begin PBXContainerItemProxy section */
		D672C82522EE5F4000BCA9E6 /* PBXContainerItemProxy */ = {
			isa = PBXContainerItemProxy;
			containerPortal = D672C81D22EE5F4000BCA9E6 /* Pods.xcodeproj */;
			proxyType = 2;
			remoteGlobalIDString = BE8693FF82D97ED01D49EA3B75C316F1;
			remoteInfo = Alamofire;
		};
		D672C82722EE5F4000BCA9E6 /* PBXContainerItemProxy */ = {
			isa = PBXContainerItemProxy;
			containerPortal = D672C81D22EE5F4000BCA9E6 /* Pods.xcodeproj */;
			proxyType = 2;
			remoteGlobalIDString = 55D6FA144AA3D62EEB0525C2AF8EA6D1;
			remoteInfo = "Pods-Smack";
		};
		D672C82922EE5F4000BCA9E6 /* PBXContainerItemProxy */ = {
			isa = PBXContainerItemProxy;
			containerPortal = D672C81D22EE5F4000BCA9E6 /* Pods.xcodeproj */;
			proxyType = 2;
			remoteGlobalIDString = 5DC539435426704FD9D3D8696E001776;
			remoteInfo = "Socket.IO-Client-Swift";
		};
		D672C82B22EE5F4000BCA9E6 /* PBXContainerItemProxy */ = {
			isa = PBXContainerItemProxy;
			containerPortal = D672C81D22EE5F4000BCA9E6 /* Pods.xcodeproj */;
			proxyType = 2;
			remoteGlobalIDString = 73FE856E2F02414EEAFE2A2561167DC0;
			remoteInfo = Starscream;
		};
		D672C82D22EE5F4000BCA9E6 /* PBXContainerItemProxy */ = {
			isa = PBXContainerItemProxy;
			containerPortal = D672C81D22EE5F4000BCA9E6 /* Pods.xcodeproj */;
			proxyType = 2;
			remoteGlobalIDString = 04126E47ACDA289BAC41EC3FAF63C0B9;
			remoteInfo = SwiftyJSON;
		};
/* End PBXContainerItemProxy section */

/* Begin PBXFileReference section */
		4E5ED7E253099A8C182C1C59 /* Pods_Smack.framework */ = {isa = PBXFileReference; explicitFileType = wrapper.framework; includeInIndex = 0; path = Pods_Smack.framework; sourceTree = BUILT_PRODUCTS_DIR; };
		6FEF44D81D9964316F98E5C1 /* Pods-Smack.release.xcconfig */ = {isa = PBXFileReference; includeInIndex = 1; lastKnownFileType = text.xcconfig; name = "Pods-Smack.release.xcconfig"; path = "Pods/Target Support Files/Pods-Smack/Pods-Smack.release.xcconfig"; sourceTree = "<group>"; };
		8E71CCFCA5A823C5E47B1D0B /* Pods-Smack.debug.xcconfig */ = {isa = PBXFileReference; includeInIndex = 1; lastKnownFileType = text.xcconfig; name = "Pods-Smack.debug.xcconfig"; path = "Pods/Target Support Files/Pods-Smack/Pods-Smack.debug.xcconfig"; sourceTree = "<group>"; };
		D62F6BDB22FB914000DBC4AD /* ChatVC.swift */ = {isa = PBXFileReference; lastKnownFileType = sourcecode.swift; path = ChatVC.swift; sourceTree = "<group>"; };
		D62F6BDD22FB917E00DBC4AD /* ChannelVC.swift */ = {isa = PBXFileReference; lastKnownFileType = sourcecode.swift; path = ChannelVC.swift; sourceTree = "<group>"; };
		D632678F22E6A18A00E5F23E /* Smack.app */ = {isa = PBXFileReference; explicitFileType = wrapper.application; includeInIndex = 0; path = Smack.app; sourceTree = BUILT_PRODUCTS_DIR; };
		D632679222E6A18A00E5F23E /* AppDelegate.swift */ = {isa = PBXFileReference; lastKnownFileType = sourcecode.swift; path = AppDelegate.swift; sourceTree = "<group>"; };
		D632679722E6A18A00E5F23E /* Base */ = {isa = PBXFileReference; lastKnownFileType = file.storyboard; name = Base; path = Base.lproj/Main.storyboard; sourceTree = "<group>"; };
		D632679922E6A18C00E5F23E /* Assets.xcassets */ = {isa = PBXFileReference; lastKnownFileType = folder.assetcatalog; path = Assets.xcassets; sourceTree = "<group>"; };
		D632679C22E6A18C00E5F23E /* Base */ = {isa = PBXFileReference; lastKnownFileType = file.storyboard; name = Base; path = Base.lproj/LaunchScreen.storyboard; sourceTree = "<group>"; };
		D632679E22E6A18C00E5F23E /* Info.plist */ = {isa = PBXFileReference; lastKnownFileType = text.plist.xml; path = Info.plist; sourceTree = "<group>"; };
		D672C81922EBFDC100BCA9E6 /* Smack-Bridging-Header.h */ = {isa = PBXFileReference; lastKnownFileType = sourcecode.c.h; path = "Smack-Bridging-Header.h"; sourceTree = "<group>"; };
		D672C81A22EBFDC100BCA9E6 /* SWRevealViewController.m */ = {isa = PBXFileReference; fileEncoding = 4; lastKnownFileType = sourcecode.c.objc; path = SWRevealViewController.m; sourceTree = "<group>"; };
		D672C81B22EBFDC200BCA9E6 /* SWRevealViewController.h */ = {isa = PBXFileReference; fileEncoding = 4; lastKnownFileType = sourcecode.c.h; path = SWRevealViewController.h; sourceTree = "<group>"; };
		D672C81D22EE5F4000BCA9E6 /* Pods.xcodeproj */ = {isa = PBXFileReference; lastKnownFileType = "wrapper.pb-project"; name = Pods.xcodeproj; path = Pods/Pods.xcodeproj; sourceTree = "<group>"; };
/* End PBXFileReference section */

/* Begin PBXFrameworksBuildPhase section */
		D632678C22E6A18A00E5F23E /* Frameworks */ = {
			isa = PBXFrameworksBuildPhase;
			buildActionMask = 2147483647;
			files = (
				10055566C943B9E0B4D41A8F /* Pods_Smack.framework in Frameworks */,
			);
			runOnlyForDeploymentPostprocessing = 0;
		};
/* End PBXFrameworksBuildPhase section */

/* Begin PBXGroup section */
		47522AB223CB9C7890EF87ED /* Frameworks */ = {
			isa = PBXGroup;
			children = (
				D672C81D22EE5F4000BCA9E6 /* Pods.xcodeproj */,
				4E5ED7E253099A8C182C1C59 /* Pods_Smack.framework */,
			);
			name = Frameworks;
			sourceTree = "<group>";
		};
		A05AB6B122B8731E815B9A2C /* Pods */ = {
			isa = PBXGroup;
			children = (
				8E71CCFCA5A823C5E47B1D0B /* Pods-Smack.debug.xcconfig */,
				6FEF44D81D9964316F98E5C1 /* Pods-Smack.release.xcconfig */,
			);
			name = Pods;
			sourceTree = "<group>";
		};
		D62F6BD822FB90AC00DBC4AD /* Controller */ = {
			isa = PBXGroup;
			children = (
				D62F6BDB22FB914000DBC4AD /* ChatVC.swift */,
				D62F6BDD22FB917E00DBC4AD /* ChannelVC.swift */,
			);
			path = Controller;
			sourceTree = "<group>";
		};
		D62F6BD922FB90C400DBC4AD /* View */ = {
			isa = PBXGroup;
			children = (
			);
			path = View;
			sourceTree = "<group>";
		};
		D62F6BDA22FB90D700DBC4AD /* Model */ = {
			isa = PBXGroup;
			children = (
			);
			path = Model;
			sourceTree = "<group>";
		};
		D632678622E6A18A00E5F23E = {
			isa = PBXGroup;
			children = (
				D632679122E6A18A00E5F23E /* Smack */,
				D632679022E6A18A00E5F23E /* Products */,
				A05AB6B122B8731E815B9A2C /* Pods */,
				47522AB223CB9C7890EF87ED /* Frameworks */,
			);
			sourceTree = "<group>";
		};
		D632679022E6A18A00E5F23E /* Products */ = {
			isa = PBXGroup;
			children = (
				D632678F22E6A18A00E5F23E /* Smack.app */,
			);
			name = Products;
			sourceTree = "<group>";
		};
		D632679122E6A18A00E5F23E /* Smack */ = {
			isa = PBXGroup;
			children = (
				D62F6BDA22FB90D700DBC4AD /* Model */,
				D62F6BD922FB90C400DBC4AD /* View */,
				D62F6BD822FB90AC00DBC4AD /* Controller */,
				D672C81822EBFD1600BCA9E6 /* Supporting Files */,
				D632679222E6A18A00E5F23E /* AppDelegate.swift */,
				D632679622E6A18A00E5F23E /* Main.storyboard */,
				D632679922E6A18C00E5F23E /* Assets.xcassets */,
				D632679B22E6A18C00E5F23E /* LaunchScreen.storyboard */,
				D632679E22E6A18C00E5F23E /* Info.plist */,
			);
			path = Smack;
			sourceTree = "<group>";
		};
		D672C81822EBFD1600BCA9E6 /* Supporting Files */ = {
			isa = PBXGroup;
			children = (
				D672C81B22EBFDC200BCA9E6 /* SWRevealViewController.h */,
				D672C81A22EBFDC100BCA9E6 /* SWRevealViewController.m */,
				D672C81922EBFDC100BCA9E6 /* Smack-Bridging-Header.h */,
			);
			path = "Supporting Files";
			sourceTree = "<group>";
		};
		D672C81E22EE5F4000BCA9E6 /* Products */ = {
			isa = PBXGroup;
			children = (
				D672C82622EE5F4000BCA9E6 /* Alamofire.framework */,
				D672C82822EE5F4000BCA9E6 /* Pods_Smack.framework */,
				D672C82A22EE5F4000BCA9E6 /* SocketIO.framework */,
				D672C82C22EE5F4000BCA9E6 /* Starscream.framework */,
				D672C82E22EE5F4000BCA9E6 /* SwiftyJSON.framework */,
			);
			name = Products;
			sourceTree = "<group>";
		};
/* End PBXGroup section */

/* Begin PBXNativeTarget section */
		D632678E22E6A18A00E5F23E /* Smack */ = {
			isa = PBXNativeTarget;
			buildConfigurationList = D63267A122E6A18C00E5F23E /* Build configuration list for PBXNativeTarget "Smack" */;
			buildPhases = (
				2287A74F6490EC9B31F44949 /* [CP] Check Pods Manifest.lock */,
				D632678B22E6A18A00E5F23E /* Sources */,
				D632678C22E6A18A00E5F23E /* Frameworks */,
				D632678D22E6A18A00E5F23E /* Resources */,
				A880CAE66DE813F75EA8C286 /* [CP] Embed Pods Frameworks */,
			);
			buildRules = (
			);
			dependencies = (
			);
			name = Smack;
			productName = Smack;
			productReference = D632678F22E6A18A00E5F23E /* Smack.app */;
			productType = "com.apple.product-type.application";
		};
/* End PBXNativeTarget section */

/* Begin PBXProject section */
		D632678722E6A18A00E5F23E /* Project object */ = {
			isa = PBXProject;
			attributes = {
				LastSwiftUpdateCheck = 1020;
				LastUpgradeCheck = 1020;
				ORGANIZATIONNAME = "Stanley Varnhagen";
				TargetAttributes = {
					D632678E22E6A18A00E5F23E = {
						CreatedOnToolsVersion = 10.2.1;
						LastSwiftMigration = 1030;
					};
				};
			};
			buildConfigurationList = D632678A22E6A18A00E5F23E /* Build configuration list for PBXProject "Smack" */;
			compatibilityVersion = "Xcode 9.3";
			developmentRegion = en;
			hasScannedForEncodings = 0;
			knownRegions = (
				en,
				Base,
			);
			mainGroup = D632678622E6A18A00E5F23E;
			productRefGroup = D632679022E6A18A00E5F23E /* Products */;
			projectDirPath = "";
			projectReferences = (
				{
					ProductGroup = D672C81E22EE5F4000BCA9E6 /* Products */;
					ProjectRef = D672C81D22EE5F4000BCA9E6 /* Pods.xcodeproj */;
				},
			);
			projectRoot = "";
			targets = (
				D632678E22E6A18A00E5F23E /* Smack */,
			);
		};
/* End PBXProject section */

/* Begin PBXReferenceProxy section */
		D672C82622EE5F4000BCA9E6 /* Alamofire.framework */ = {
			isa = PBXReferenceProxy;
			fileType = wrapper.framework;
			path = Alamofire.framework;
			remoteRef = D672C82522EE5F4000BCA9E6 /* PBXContainerItemProxy */;
			sourceTree = BUILT_PRODUCTS_DIR;
		};
		D672C82822EE5F4000BCA9E6 /* Pods_Smack.framework */ = {
			isa = PBXReferenceProxy;
			fileType = wrapper.framework;
			path = Pods_Smack.framework;
			remoteRef = D672C82722EE5F4000BCA9E6 /* PBXContainerItemProxy */;
			sourceTree = BUILT_PRODUCTS_DIR;
		};
		D672C82A22EE5F4000BCA9E6 /* SocketIO.framework */ = {
			isa = PBXReferenceProxy;
			fileType = wrapper.framework;
			path = SocketIO.framework;
			remoteRef = D672C82922EE5F4000BCA9E6 /* PBXContainerItemProxy */;
			sourceTree = BUILT_PRODUCTS_DIR;
		};
		D672C82C22EE5F4000BCA9E6 /* Starscream.framework */ = {
			isa = PBXReferenceProxy;
			fileType = wrapper.framework;
			path = Starscream.framework;
			remoteRef = D672C82B22EE5F4000BCA9E6 /* PBXContainerItemProxy */;
			sourceTree = BUILT_PRODUCTS_DIR;
		};
		D672C82E22EE5F4000BCA9E6 /* SwiftyJSON.framework */ = {
			isa = PBXReferenceProxy;
			fileType = wrapper.framework;
			path = SwiftyJSON.framework;
			remoteRef = D672C82D22EE5F4000BCA9E6 /* PBXContainerItemProxy */;
			sourceTree = BUILT_PRODUCTS_DIR;
		};
/* End PBXReferenceProxy section */

/* Begin PBXResourcesBuildPhase section */
		D632678D22E6A18A00E5F23E /* Resources */ = {
			isa = PBXResourcesBuildPhase;
			buildActionMask = 2147483647;
			files = (
				D632679D22E6A18C00E5F23E /* LaunchScreen.storyboard in Resources */,
				D632679A22E6A18C00E5F23E /* Assets.xcassets in Resources */,
				D632679822E6A18A00E5F23E /* Main.storyboard in Resources */,
			);
			runOnlyForDeploymentPostprocessing = 0;
		};
/* End PBXResourcesBuildPhase section */

/* Begin PBXShellScriptBuildPhase section */
		2287A74F6490EC9B31F44949 /* [CP] Check Pods Manifest.lock */ = {
			isa = PBXShellScriptBuildPhase;
			buildActionMask = 2147483647;
			files = (
			);
			inputPaths = (
				"${PODS_PODFILE_DIR_PATH}/Podfile.lock",
				"${PODS_ROOT}/Manifest.lock",
			);
			name = "[CP] Check Pods Manifest.lock";
			outputPaths = (
				"$(DERIVED_FILE_DIR)/Pods-Smack-checkManifestLockResult.txt",
			);
			runOnlyForDeploymentPostprocessing = 0;
			shellPath = /bin/sh;
			shellScript = "diff \"${PODS_PODFILE_DIR_PATH}/Podfile.lock\" \"${PODS_ROOT}/Manifest.lock\" > /dev/null\nif [ $? != 0 ] ; then\n    # print error to STDERR\n    echo \"error: The sandbox is not in sync with the Podfile.lock. Run 'pod install' or update your CocoaPods installation.\" >&2\n    exit 1\nfi\n# This output is used by Xcode 'outputs' to avoid re-running this script phase.\necho \"SUCCESS\" > \"${SCRIPT_OUTPUT_FILE_0}\"\n";
			showEnvVarsInLog = 0;
		};
		A880CAE66DE813F75EA8C286 /* [CP] Embed Pods Frameworks */ = {
			isa = PBXShellScriptBuildPhase;
			buildActionMask = 2147483647;
			files = (
			);
			inputPaths = (
				"${SRCROOT}/Pods/Target Support Files/Pods-Smack/Pods-Smack-frameworks.sh",
				"${BUILT_PRODUCTS_DIR}/Alamofire/Alamofire.framework",
				"${BUILT_PRODUCTS_DIR}/Socket.IO-Client-Swift/SocketIO.framework",
				"${BUILT_PRODUCTS_DIR}/Starscream/Starscream.framework",
				"${BUILT_PRODUCTS_DIR}/SwiftyJSON/SwiftyJSON.framework",
			);
			name = "[CP] Embed Pods Frameworks";
			outputPaths = (
				"${TARGET_BUILD_DIR}/${FRAMEWORKS_FOLDER_PATH}/Alamofire.framework",
				"${TARGET_BUILD_DIR}/${FRAMEWORKS_FOLDER_PATH}/SocketIO.framework",
				"${TARGET_BUILD_DIR}/${FRAMEWORKS_FOLDER_PATH}/Starscream.framework",
				"${TARGET_BUILD_DIR}/${FRAMEWORKS_FOLDER_PATH}/SwiftyJSON.framework",
			);
			runOnlyForDeploymentPostprocessing = 0;
			shellPath = /bin/sh;
			shellScript = "\"${SRCROOT}/Pods/Target Support Files/Pods-Smack/Pods-Smack-frameworks.sh\"\n";
			showEnvVarsInLog = 0;
		};
/* End PBXShellScriptBuildPhase section */

/* Begin PBXSourcesBuildPhase section */
		D632678B22E6A18A00E5F23E /* Sources */ = {
			isa = PBXSourcesBuildPhase;
			buildActionMask = 2147483647;
			files = (
				D62F6BDE22FB917E00DBC4AD /* ChannelVC.swift in Sources */,
				D632679322E6A18A00E5F23E /* AppDelegate.swift in Sources */,
				D62F6BDC22FB914000DBC4AD /* ChatVC.swift in Sources */,
				D672C81C22EBFDC200BCA9E6 /* SWRevealViewController.m in Sources */,
			);
			runOnlyForDeploymentPostprocessing = 0;
		};
/* End PBXSourcesBuildPhase section */

/* Begin PBXVariantGroup section */
		D632679622E6A18A00E5F23E /* Main.storyboard */ = {
			isa = PBXVariantGroup;
			children = (
				D632679722E6A18A00E5F23E /* Base */,
			);
			name = Main.storyboard;
			sourceTree = "<group>";
		};
		D632679B22E6A18C00E5F23E /* LaunchScreen.storyboard */ = {
			isa = PBXVariantGroup;
			children = (
				D632679C22E6A18C00E5F23E /* Base */,
			);
			name = LaunchScreen.storyboard;
			sourceTree = "<group>";
		};
/* End PBXVariantGroup section */

/* Begin XCBuildConfiguration section */
		D632679F22E6A18C00E5F23E /* Debug */ = {
			isa = XCBuildConfiguration;
			buildSettings = {
				ALWAYS_SEARCH_USER_PATHS = NO;
				CLANG_ANALYZER_NONNULL = YES;
				CLANG_ANALYZER_NUMBER_OBJECT_CONVERSION = YES_AGGRESSIVE;
				CLANG_CXX_LANGUAGE_STANDARD = "gnu++14";
				CLANG_CXX_LIBRARY = "libc++";
				CLANG_ENABLE_MODULES = YES;
				CLANG_ENABLE_OBJC_ARC = YES;
				CLANG_ENABLE_OBJC_WEAK = YES;
				CLANG_WARN_BLOCK_CAPTURE_AUTORELEASING = YES;
				CLANG_WARN_BOOL_CONVERSION = YES;
				CLANG_WARN_COMMA = YES;
				CLANG_WARN_CONSTANT_CONVERSION = YES;
				CLANG_WARN_DEPRECATED_OBJC_IMPLEMENTATIONS = YES;
				CLANG_WARN_DIRECT_OBJC_ISA_USAGE = YES_ERROR;
				CLANG_WARN_DOCUMENTATION_COMMENTS = YES;
				CLANG_WARN_EMPTY_BODY = YES;
				CLANG_WARN_ENUM_CONVERSION = YES;
				CLANG_WARN_INFINITE_RECURSION = YES;
				CLANG_WARN_INT_CONVERSION = YES;
				CLANG_WARN_NON_LITERAL_NULL_CONVERSION = YES;
				CLANG_WARN_OBJC_IMPLICIT_RETAIN_SELF = YES;
				CLANG_WARN_OBJC_LITERAL_CONVERSION = YES;
				CLANG_WARN_OBJC_ROOT_CLASS = YES_ERROR;
				CLANG_WARN_RANGE_LOOP_ANALYSIS = YES;
				CLANG_WARN_STRICT_PROTOTYPES = YES;
				CLANG_WARN_SUSPICIOUS_MOVE = YES;
				CLANG_WARN_UNGUARDED_AVAILABILITY = YES_AGGRESSIVE;
				CLANG_WARN_UNREACHABLE_CODE = YES;
				CLANG_WARN__DUPLICATE_METHOD_MATCH = YES;
				CODE_SIGN_IDENTITY = "iPhone Developer";
				COPY_PHASE_STRIP = NO;
				DEBUG_INFORMATION_FORMAT = dwarf;
				ENABLE_STRICT_OBJC_MSGSEND = YES;
				ENABLE_TESTABILITY = YES;
				GCC_C_LANGUAGE_STANDARD = gnu11;
				GCC_DYNAMIC_NO_PIC = NO;
				GCC_NO_COMMON_BLOCKS = YES;
				GCC_OPTIMIZATION_LEVEL = 0;
				GCC_PREPROCESSOR_DEFINITIONS = (
					"DEBUG=1",
					"$(inherited)",
				);
				GCC_WARN_64_TO_32_BIT_CONVERSION = YES;
				GCC_WARN_ABOUT_RETURN_TYPE = YES_ERROR;
				GCC_WARN_UNDECLARED_SELECTOR = YES;
				GCC_WARN_UNINITIALIZED_AUTOS = YES_AGGRESSIVE;
				GCC_WARN_UNUSED_FUNCTION = YES;
				GCC_WARN_UNUSED_VARIABLE = YES;
				IPHONEOS_DEPLOYMENT_TARGET = 12.2;
				MTL_ENABLE_DEBUG_INFO = INCLUDE_SOURCE;
				MTL_FAST_MATH = YES;
				ONLY_ACTIVE_ARCH = YES;
				SDKROOT = iphoneos;
				SWIFT_ACTIVE_COMPILATION_CONDITIONS = DEBUG;
				SWIFT_OPTIMIZATION_LEVEL = "-Onone";
			};
			name = Debug;
		};
		D63267A022E6A18C00E5F23E /* Release */ = {
			isa = XCBuildConfiguration;
			buildSettings = {
				ALWAYS_SEARCH_USER_PATHS = NO;
				CLANG_ANALYZER_NONNULL = YES;
				CLANG_ANALYZER_NUMBER_OBJECT_CONVERSION = YES_AGGRESSIVE;
				CLANG_CXX_LANGUAGE_STANDARD = "gnu++14";
				CLANG_CXX_LIBRARY = "libc++";
				CLANG_ENABLE_MODULES = YES;
				CLANG_ENABLE_OBJC_ARC = YES;
				CLANG_ENABLE_OBJC_WEAK = YES;
				CLANG_WARN_BLOCK_CAPTURE_AUTORELEASING = YES;
				CLANG_WARN_BOOL_CONVERSION = YES;
				CLANG_WARN_COMMA = YES;
				CLANG_WARN_CONSTANT_CONVERSION = YES;
				CLANG_WARN_DEPRECATED_OBJC_IMPLEMENTATIONS = YES;
				CLANG_WARN_DIRECT_OBJC_ISA_USAGE = YES_ERROR;
				CLANG_WARN_DOCUMENTATION_COMMENTS = YES;
				CLANG_WARN_EMPTY_BODY = YES;
				CLANG_WARN_ENUM_CONVERSION = YES;
				CLANG_WARN_INFINITE_RECURSION = YES;
				CLANG_WARN_INT_CONVERSION = YES;
				CLANG_WARN_NON_LITERAL_NULL_CONVERSION = YES;
				CLANG_WARN_OBJC_IMPLICIT_RETAIN_SELF = YES;
				CLANG_WARN_OBJC_LITERAL_CONVERSION = YES;
				CLANG_WARN_OBJC_ROOT_CLASS = YES_ERROR;
				CLANG_WARN_RANGE_LOOP_ANALYSIS = YES;
				CLANG_WARN_STRICT_PROTOTYPES = YES;
				CLANG_WARN_SUSPICIOUS_MOVE = YES;
				CLANG_WARN_UNGUARDED_AVAILABILITY = YES_AGGRESSIVE;
				CLANG_WARN_UNREACHABLE_CODE = YES;
				CLANG_WARN__DUPLICATE_METHOD_MATCH = YES;
				CODE_SIGN_IDENTITY = "iPhone Developer";
				COPY_PHASE_STRIP = NO;
				DEBUG_INFORMATION_FORMAT = "dwarf-with-dsym";
				ENABLE_NS_ASSERTIONS = NO;
				ENABLE_STRICT_OBJC_MSGSEND = YES;
				GCC_C_LANGUAGE_STANDARD = gnu11;
				GCC_NO_COMMON_BLOCKS = YES;
				GCC_WARN_64_TO_32_BIT_CONVERSION = YES;
				GCC_WARN_ABOUT_RETURN_TYPE = YES_ERROR;
				GCC_WARN_UNDECLARED_SELECTOR = YES;
				GCC_WARN_UNINITIALIZED_AUTOS = YES_AGGRESSIVE;
				GCC_WARN_UNUSED_FUNCTION = YES;
				GCC_WARN_UNUSED_VARIABLE = YES;
				IPHONEOS_DEPLOYMENT_TARGET = 12.2;
				MTL_ENABLE_DEBUG_INFO = NO;
				MTL_FAST_MATH = YES;
				SDKROOT = iphoneos;
				SWIFT_COMPILATION_MODE = wholemodule;
				SWIFT_OPTIMIZATION_LEVEL = "-O";
				VALIDATE_PRODUCT = YES;
			};
			name = Release;
		};
		D63267A222E6A18C00E5F23E /* Debug */ = {
			isa = XCBuildConfiguration;
			baseConfigurationReference = 8E71CCFCA5A823C5E47B1D0B /* Pods-Smack.debug.xcconfig */;
			buildSettings = {
				ASSETCATALOG_COMPILER_APPICON_NAME = AppIcon;
				CLANG_ENABLE_MODULES = YES;
				CODE_SIGN_STYLE = Automatic;
				DEVELOPMENT_TEAM = 2NB65KKS5N;
				INFOPLIST_FILE = Smack/Info.plist;
				LD_RUNPATH_SEARCH_PATHS = (
					"$(inherited)",
					"@executable_path/Frameworks",
				);
				PRODUCT_BUNDLE_IDENTIFIER = stanley.Smack;
				PRODUCT_NAME = "$(TARGET_NAME)";
				SWIFT_OBJC_BRIDGING_HEADER = "Supporting Files/Smack-Bridging-Header.h";
				SWIFT_OPTIMIZATION_LEVEL = "-Onone";
				SWIFT_VERSION = 4.2;
				TARGETED_DEVICE_FAMILY = "1,2";
			};
			name = Debug;
		};
		D63267A322E6A18C00E5F23E /* Release */ = {
			isa = XCBuildConfiguration;
			baseConfigurationReference = 6FEF44D81D9964316F98E5C1 /* Pods-Smack.release.xcconfig */;
			buildSettings = {
				ASSETCATALOG_COMPILER_APPICON_NAME = AppIcon;
				CLANG_ENABLE_MODULES = YES;
				CODE_SIGN_STYLE = Automatic;
				DEVELOPMENT_TEAM = 2NB65KKS5N;
				INFOPLIST_FILE = Smack/Info.plist;
				LD_RUNPATH_SEARCH_PATHS = (
					"$(inherited)",
					"@executable_path/Frameworks",
				);
				PRODUCT_BUNDLE_IDENTIFIER = stanley.Smack;
				PRODUCT_NAME = "$(TARGET_NAME)";
				SWIFT_OBJC_BRIDGING_HEADER = "Supporting Files/Smack-Bridging-Header.h";
				SWIFT_VERSION = 4.2;
				TARGETED_DEVICE_FAMILY = "1,2";
			};
			name = Release;
		};
/* End XCBuildConfiguration section */

/* Begin XCConfigurationList section */
		D632678A22E6A18A00E5F23E /* Build configuration list for PBXProject "Smack" */ = {
			isa = XCConfigurationList;
			buildConfigurations = (
				D632679F22E6A18C00E5F23E /* Debug */,
				D63267A022E6A18C00E5F23E /* Release */,
			);
			defaultConfigurationIsVisible = 0;
			defaultConfigurationName = Release;
		};
		D63267A122E6A18C00E5F23E /* Build configuration list for PBXNativeTarget "Smack" */ = {
			isa = XCConfigurationList;
			buildConfigurations = (
				D63267A222E6A18C00E5F23E /* Debug */,
				D63267A322E6A18C00E5F23E /* Release */,
			);
			defaultConfigurationIsVisible = 0;
			defaultConfigurationName = Release;
		};
/* End XCConfigurationList section */
	};
	rootObject = D632678722E6A18A00E5F23E /* Project object */;
}
